
Microsoft Visual Studio Solution File, Format Version 12.00
# Visual Studio Version 16
VisualStudioVersion = 16.0.28803.156
MinimumVisualStudioVersion = 10.0.40219.1
Project("{FAE04EC0-301F-11D3-BF4B-00C04F79EFBC}") = "DressBookingMVC", "DressBookingMVC\DressBookingMVC.csproj", "{C280857B-5C87-4281-BE53-11685E4F2FFE}"
EndProject
Project("{00D1A9C2-B5F0-4AF3-8072-F6C62B433612}") = "DressBookingDatabase", "DressBookingDatabase\DressBookingDatabase.sqlproj", "{EFFD4098-07E1-4ED3-A410-08E1FA74E755}"
EndProject
Global
	GlobalSection(SolutionConfigurationPlatforms) = preSolution
		Debug|Any CPU = Debug|Any CPU
		Release|Any CPU = Release|Any CPU
	EndGlobalSection
	GlobalSection(ProjectConfigurationPlatforms) = postSolution
		{C280857B-5C87-4281-BE53-11685E4F2FFE}.Debug|Any CPU.ActiveCfg = Debug|Any CPU
		{C280857B-5C87-4281-BE53-11685E4F2FFE}.Debug|Any CPU.Build.0 = Debug|Any CPU
		{C280857B-5C87-4281-BE53-11685E4F2FFE}.Release|Any CPU.ActiveCfg = Release|Any CPU
		{C280857B-5C87-4281-BE53-11685E4F2FFE}.Release|Any CPU.Build.0 = Release|Any CPU
		{EFFD4098-07E1-4ED3-A410-08E1FA74E755}.Debug|Any CPU.ActiveCfg = Debug|Any CPU
		{EFFD4098-07E1-4ED3-A410-08E1FA74E755}.Debug|Any CPU.Build.0 = Debug|Any CPU
		{EFFD4098-07E1-4ED3-A410-08E1FA74E755}.Debug|Any CPU.Deploy.0 = Debug|Any CPU
		{EFFD4098-07E1-4ED3-A410-08E1FA74E755}.Release|Any CPU.ActiveCfg = Release|Any CPU
		{EFFD4098-07E1-4ED3-A410-08E1FA74E755}.Release|Any CPU.Build.0 = Release|Any CPU
		{EFFD4098-07E1-4ED3-A410-08E1FA74E755}.Release|Any CPU.Deploy.0 = Release|Any CPU
	EndGlobalSection
	GlobalSection(SolutionProperties) = preSolution
		HideSolutionNode = FALSE
	EndGlobalSection
	GlobalSection(ExtensibilityGlobals) = postSolution
		SolutionGuid = {E028B220-9FDD-46EC-BE8B-0362D4B9C7FE}
	EndGlobalSection
EndGlobal
